
Microsoft Visual Studio Solution File, Format Version 12.00
# Visual Studio Version 16
VisualStudioVersion = 16.0.32802.440
MinimumVisualStudioVersion = 10.0.40219.1
Project("{FAE04EC0-301F-11D3-BF4B-00C04F79EFBC}") = "Day7", "AdventOfCode\Day7.csproj", "{5F342DD8-6EDB-4CF3-91CE-DED717577242}"
EndProject
Project("{FAE04EC0-301F-11D3-BF4B-00C04F79EFBC}") = "Day1", "Day1\Day1.csproj", "{DB606B09-753A-444E-9665-2C88F935E3E4}"
EndProject
Project("{FAE04EC0-301F-11D3-BF4B-00C04F79EFBC}") = "Day8", "Day8\Day8.csproj", "{CD97A564-8D9A-449E-A72D-175ECBCA4BF4}"
EndProject
Project("{FAE04EC0-301F-11D3-BF4B-00C04F79EFBC}") = "Day2", "Day2\Day2.csproj", "{B07805CD-889F-481D-8F47-2F990FE3E7C3}"
EndProject
Project("{FAE04EC0-301F-11D3-BF4B-00C04F79EFBC}") = "Day9", "Day9\Day9.csproj", "{996E2C89-96E5-4635-BBBC-1AC823FD7B9E}"
EndProject
Project("{FAE04EC0-301F-11D3-BF4B-00C04F79EFBC}") = "Day12", "Day12\Day12.csproj", "{E29CF68B-3E60-4DDB-AC1E-812FE2FA89BE}"
EndProject
Project("{FAE04EC0-301F-11D3-BF4B-00C04F79EFBC}") = "Day3", "Day3\Day3.csproj", "{467DEDD3-7B36-4056-A585-BC6194AE0D6B}"
EndProject
Project("{FAE04EC0-301F-11D3-BF4B-00C04F79EFBC}") = "Day4", "Day4\Day4.csproj", "{5A8217A6-AD6D-41A1-81F5-50ED58E49CEC}"
EndProject
Project("{FAE04EC0-301F-11D3-BF4B-00C04F79EFBC}") = "Day5", "Day5\Day5.csproj", "{2B08C009-D794-49C6-BC6F-ABC6DB0AAF8C}"
EndProject
Project("{FAE04EC0-301F-11D3-BF4B-00C04F79EFBC}") = "Day6", "Day6\Day6.csproj", "{A3254A40-7E2F-4142-A1BC-4FB7B3626CDE}"
EndProject
Global
	GlobalSection(SolutionConfigurationPlatforms) = preSolution
		Debug|Any CPU = Debug|Any CPU
		Release|Any CPU = Release|Any CPU
	EndGlobalSection
	GlobalSection(ProjectConfigurationPlatforms) = postSolution
		{5F342DD8-6EDB-4CF3-91CE-DED717577242}.Debug|Any CPU.ActiveCfg = Debug|Any CPU
		{5F342DD8-6EDB-4CF3-91CE-DED717577242}.Debug|Any CPU.Build.0 = Debug|Any CPU
		{5F342DD8-6EDB-4CF3-91CE-DED717577242}.Release|Any CPU.ActiveCfg = Release|Any CPU
		{5F342DD8-6EDB-4CF3-91CE-DED717577242}.Release|Any CPU.Build.0 = Release|Any CPU
		{DB606B09-753A-444E-9665-2C88F935E3E4}.Debug|Any CPU.ActiveCfg = Debug|Any CPU
		{DB606B09-753A-444E-9665-2C88F935E3E4}.Debug|Any CPU.Build.0 = Debug|Any CPU
		{DB606B09-753A-444E-9665-2C88F935E3E4}.Release|Any CPU.ActiveCfg = Release|Any CPU
		{DB606B09-753A-444E-9665-2C88F935E3E4}.Release|Any CPU.Build.0 = Release|Any CPU
		{CD97A564-8D9A-449E-A72D-175ECBCA4BF4}.Debug|Any CPU.ActiveCfg = Debug|Any CPU
		{CD97A564-8D9A-449E-A72D-175ECBCA4BF4}.Debug|Any CPU.Build.0 = Debug|Any CPU
		{CD97A564-8D9A-449E-A72D-175ECBCA4BF4}.Release|Any CPU.ActiveCfg = Release|Any CPU
		{CD97A564-8D9A-449E-A72D-175ECBCA4BF4}.Release|Any CPU.Build.0 = Release|Any CPU
		{B07805CD-889F-481D-8F47-2F990FE3E7C3}.Debug|Any CPU.ActiveCfg = Debug|Any CPU
		{B07805CD-889F-481D-8F47-2F990FE3E7C3}.Debug|Any CPU.Build.0 = Debug|Any CPU
		{B07805CD-889F-481D-8F47-2F990FE3E7C3}.Release|Any CPU.ActiveCfg = Release|Any CPU
		{B07805CD-889F-481D-8F47-2F990FE3E7C3}.Release|Any CPU.Build.0 = Release|Any CPU
		{996E2C89-96E5-4635-BBBC-1AC823FD7B9E}.Debug|Any CPU.ActiveCfg = Debug|Any CPU
		{996E2C89-96E5-4635-BBBC-1AC823FD7B9E}.Debug|Any CPU.Build.0 = Debug|Any CPU
		{996E2C89-96E5-4635-BBBC-1AC823FD7B9E}.Release|Any CPU.ActiveCfg = Release|Any CPU
		{996E2C89-96E5-4635-BBBC-1AC823FD7B9E}.Release|Any CPU.Build.0 = Release|Any CPU
		{E29CF68B-3E60-4DDB-AC1E-812FE2FA89BE}.Debug|Any CPU.ActiveCfg = Debug|Any CPU
		{E29CF68B-3E60-4DDB-AC1E-812FE2FA89BE}.Debug|Any CPU.Build.0 = Debug|Any CPU
		{E29CF68B-3E60-4DDB-AC1E-812FE2FA89BE}.Release|Any CPU.ActiveCfg = Release|Any CPU
		{E29CF68B-3E60-4DDB-AC1E-812FE2FA89BE}.Release|Any CPU.Build.0 = Release|Any CPU
		{467DEDD3-7B36-4056-A585-BC6194AE0D6B}.Debug|Any CPU.ActiveCfg = Debug|Any CPU
		{467DEDD3-7B36-4056-A585-BC6194AE0D6B}.Debug|Any CPU.Build.0 = Debug|Any CPU
		{467DEDD3-7B36-4056-A585-BC6194AE0D6B}.Release|Any CPU.ActiveCfg = Release|Any CPU
		{467DEDD3-7B36-4056-A585-BC6194AE0D6B}.Release|Any CPU.Build.0 = Release|Any CPU
		{5A8217A6-AD6D-41A1-81F5-50ED58E49CEC}.Debug|Any CPU.ActiveCfg = Debug|Any CPU
		{5A8217A6-AD6D-41A1-81F5-50ED58E49CEC}.Debug|Any CPU.Build.0 = Debug|Any CPU
		{5A8217A6-AD6D-41A1-81F5-50ED58E49CEC}.Release|Any CPU.ActiveCfg = Release|Any CPU
		{5A8217A6-AD6D-41A1-81F5-50ED58E49CEC}.Release|Any CPU.Build.0 = Release|Any CPU
		{2B08C009-D794-49C6-BC6F-ABC6DB0AAF8C}.Debug|Any CPU.ActiveCfg = Debug|Any CPU
		{2B08C009-D794-49C6-BC6F-ABC6DB0AAF8C}.Debug|Any CPU.Build.0 = Debug|Any CPU
		{2B08C009-D794-49C6-BC6F-ABC6DB0AAF8C}.Release|Any CPU.ActiveCfg = Release|Any CPU
		{2B08C009-D794-49C6-BC6F-ABC6DB0AAF8C}.Release|Any CPU.Build.0 = Release|Any CPU
		{A3254A40-7E2F-4142-A1BC-4FB7B3626CDE}.Debug|Any CPU.ActiveCfg = Debug|Any CPU
		{A3254A40-7E2F-4142-A1BC-4FB7B3626CDE}.Debug|Any CPU.Build.0 = Debug|Any CPU
		{A3254A40-7E2F-4142-A1BC-4FB7B3626CDE}.Release|Any CPU.ActiveCfg = Release|Any CPU
		{A3254A40-7E2F-4142-A1BC-4FB7B3626CDE}.Release|Any CPU.Build.0 = Release|Any CPU
	EndGlobalSection
	GlobalSection(SolutionProperties) = preSolution
		HideSolutionNode = FALSE
	EndGlobalSection
	GlobalSection(ExtensibilityGlobals) = postSolution
		SolutionGuid = {77B92A64-939C-437A-BE1D-FD9ABC693F9C}
	EndGlobalSection
EndGlobal
